
Microsoft Visual Studio Solution File, Format Version 12.00
# Visual Studio Version 17
VisualStudioVersion = 17.2.32516.85
MinimumVisualStudioVersion = 10.0.40219.1
Project("{FAE04EC0-301F-11D3-BF4B-00C04F79EFBC}") = "Assignment 2", "Assignment 2.csproj", "{8B7AB48B-05F6-4A09-B8AD-CD6876D020AF}"
EndProject
Global
	GlobalSection(SolutionConfigurationPlatforms) = preSolution
		Debug|Any CPU = Debug|Any CPU
		Release|Any CPU = Release|Any CPU
	EndGlobalSection
	GlobalSection(ProjectConfigurationPlatforms) = postSolution
		{8B7AB48B-05F6-4A09-B8AD-CD6876D020AF}.Debug|Any CPU.ActiveCfg = Debug|Any CPU
		{8B7AB48B-05F6-4A09-B8AD-CD6876D020AF}.Debug|Any CPU.Build.0 = Debug|Any CPU
		{8B7AB48B-05F6-4A09-B8AD-CD6876D020AF}.Release|Any CPU.ActiveCfg = Release|Any CPU
		{8B7AB48B-05F6-4A09-B8AD-CD6876D020AF}.Release|Any CPU.Build.0 = Release|Any CPU
	EndGlobalSection
	GlobalSection(SolutionProperties) = preSolution
		HideSolutionNode = FALSE
	EndGlobalSection
	GlobalSection(ExtensibilityGlobals) = postSolution
		SolutionGuid = {3C4C5EA3-C9D3-47F8-8E13-766BA6D426DF}
	EndGlobalSection
EndGlobal
